
Microsoft Visual Studio Solution File, Format Version 12.00
# Visual Studio Version 17
VisualStudioVersion = 17.9.34310.174
MinimumVisualStudioVersion = 10.0.40219.1
Project("{FAE04EC0-301F-11D3-BF4B-00C04F79EFBC}") = "MetroSystem", "MetroSystem.csproj", "{F718F9C8-3C35-4FA9-9F67-9BAA81FCB33D}"
EndProject
Project("{FAE04EC0-301F-11D3-BF4B-00C04F79EFBC}") = "DubizzleSystem", "DubizzleSystem\DubizzleSystem.csproj", "{BF7AC721-BF0A-41E9-800F-B6B16FAED522}"
EndProject
Global
	GlobalSection(SolutionConfigurationPlatforms) = preSolution
		Debug|Any CPU = Debug|Any CPU
		Release|Any CPU = Release|Any CPU
	EndGlobalSection
	GlobalSection(ProjectConfigurationPlatforms) = postSolution
		{F718F9C8-3C35-4FA9-9F67-9BAA81FCB33D}.Debug|Any CPU.ActiveCfg = Debug|Any CPU
		{F718F9C8-3C35-4FA9-9F67-9BAA81FCB33D}.Debug|Any CPU.Build.0 = Debug|Any CPU
		{F718F9C8-3C35-4FA9-9F67-9BAA81FCB33D}.Release|Any CPU.ActiveCfg = Release|Any CPU
		{F718F9C8-3C35-4FA9-9F67-9BAA81FCB33D}.Release|Any CPU.Build.0 = Release|Any CPU
		{BF7AC721-BF0A-41E9-800F-B6B16FAED522}.Debug|Any CPU.ActiveCfg = Debug|Any CPU
		{BF7AC721-BF0A-41E9-800F-B6B16FAED522}.Debug|Any CPU.Build.0 = Debug|Any CPU
		{BF7AC721-BF0A-41E9-800F-B6B16FAED522}.Release|Any CPU.ActiveCfg = Release|Any CPU
		{BF7AC721-BF0A-41E9-800F-B6B16FAED522}.Release|Any CPU.Build.0 = Release|Any CPU
	EndGlobalSection
	GlobalSection(SolutionProperties) = preSolution
		HideSolutionNode = FALSE
	EndGlobalSection
	GlobalSection(ExtensibilityGlobals) = postSolution
		SolutionGuid = {067752C0-ACCA-4DF8-8D0B-8752AEBADE1A}
	EndGlobalSection
EndGlobal
